version = 1
requires-python = ">=3.13"

[[package]]
name = "anyio"
version = "4.10.0"
source = { registry = "https://pypi.org/simple" }
dependencies = [
    { name = "idna" },
    { name = "sniffio" },
]
sdist = { url = "https://files.pythonhosted.org/packages/f1/b4/636b3b65173d3ce9a38ef5f0522789614e590dab6a8d505340a4efe4c567/anyio-4.10.0.tar.gz", hash = "sha256:3f3fae35c96039744587aa5b8371e7e8e603c0702999535961dd336026973ba6", size = 213252 }
wheels = [
    { url = "https://files.pythonhosted.org/packages/6f/12/e5e0282d673bb9746bacfb6e2dba8719989d3660cdb2ea79aee9a9651afb/anyio-4.10.0-py3-none-any.whl", hash = "sha256:60e474ac86736bbfd6f210f7a61218939c318f43f9972497381f1c5e930ed3d1", size = 107213 },
]

[[package]]
name = "certifi"
version = "2025.8.3"
source = { registry = "https://pypi.org/simple" }
sdist = { url = "https://files.pythonhosted.org/packages/dc/67/960ebe6bf230a96cda2e0abcf73af550ec4f090005363542f0765df162e0/certifi-2025.8.3.tar.gz", hash = "sha256:e564105f78ded564e3ae7c923924435e1daa7463faeab5bb932bc53ffae63407", size = 162386 }
wheels = [
    { url = "https://files.pythonhosted.org/packages/e5/48/1549795ba7742c948d2ad169c1c8cdbae65bc450d6cd753d124b17c8cd32/certifi-2025.8.3-py3-none-any.whl", hash = "sha256:f6c12493cfb1b06ba2ff328595af9350c65d6644968e5d3a2ffd78699af217a5", size = 161216 },
]

[[package]]
name = "chat-api"
version = "0.1.0"
source = { virtual = "." }
dependencies = [
    { name = "litestar" },
    { name = "uvicorn" },
]

[package.metadata]
requires-dist = [
    { name = "litestar", specifier = ">=2.17.0" },
    { name = "uvicorn", specifier = ">=0.35.0" },
]

[[package]]
name = "click"
version = "8.2.1"
source = { registry = "https://pypi.org/simple" }
dependencies = [
    { name = "colorama", marker = "platform_system == 'Windows'" },
]
sdist = { url = "https://files.pythonhosted.org/packages/60/6c/8ca2efa64cf75a977a0d7fac081354553ebe483345c734fb6b6515d96bbc/click-8.2.1.tar.gz", hash = "sha256:27c491cc05d968d271d5a1db13e3b5a184636d9d930f148c50b038f0d0646202", size = 286342 }
wheels = [
    { url = "https://files.pythonhosted.org/packages/85/32/10bb5764d90a8eee674e9dc6f4db6a0ab47c8c4d0d83c27f7c39ac415a4d/click-8.2.1-py3-none-any.whl", hash = "sha256:61a3265b914e850b85317d0b3109c7f8cd35a670f963866005d6ef1d5175a12b", size = 102215 },
]

[[package]]
name = "colorama"
version = "0.4.6"
source = { registry = "https://pypi.org/simple" }
sdist = { url = "https://files.pythonhosted.org/packages/d8/53/6f443c9a4a8358a93a6792e2acffb9d9d5cb0a5cfd8802644b7b1c9a02e4/colorama-0.4.6.tar.gz", hash = "sha256:08695f5cb7ed6e0531a20572697297273c47b8cae5a63ffc6d6ed5c201be6e44", size = 27697 }
wheels = [
    { url = "https://files.pythonhosted.org/packages/d1/d6/3965ed04c63042e047cb6a3e6ed1a63a35087b6a609aa3a15ed8ac56c221/colorama-0.4.6-py2.py3-none-any.whl", hash = "sha256:4f1d9991f5acc0ca119f9d443620b77f9d6b33703e51011c16baf57afb285fc6", size = 25335 },
]

[[package]]
name = "faker"
version = "37.5.3"
source = { registry = "https://pypi.org/simple" }
dependencies = [
    { name = "tzdata" },
]
sdist = { url = "https://files.pythonhosted.org/packages/ce/5d/7797a74e8e31fa227f0303239802c5f09b6722bdb6638359e7b6c8f30004/faker-37.5.3.tar.gz", hash = "sha256:8315d8ff4d6f4f588bd42ffe63abd599886c785073e26a44707e10eeba5713dc", size = 1907147 }
wheels = [
    { url = "https://files.pythonhosted.org/packages/4b/bf/d06dd96e7afa72069dbdd26ed0853b5e8bd7941e2c0819a9b21d6e6fc052/faker-37.5.3-py3-none-any.whl", hash = "sha256:386fe9d5e6132a915984bf887fcebcc72d6366a25dd5952905b31b141a17016d", size = 1949261 },
]

[[package]]
name = "h11"
version = "0.16.0"
source = { registry = "https://pypi.org/simple" }
sdist = { url = "https://files.pythonhosted.org/packages/01/ee/02a2c011bdab74c6fb3c75474d40b3052059d95df7e73351460c8588d963/h11-0.16.0.tar.gz", hash = "sha256:4e35b956cf45792e4caa5885e69fba00bdbc6ffafbfa020300e549b208ee5ff1", size = 101250 }
wheels = [
    { url = "https://files.pythonhosted.org/packages/04/4b/29cac41a4d98d144bf5f6d33995617b185d14b22401f75ca86f384e87ff1/h11-0.16.0-py3-none-any.whl", hash = "sha256:63cf8bbe7522de3bf65932fda1d9c2772064ffb3dae62d55932da54b31cb6c86", size = 37515 },
]

[[package]]
name = "httpcore"
version = "1.0.9"
source = { registry = "https://pypi.org/simple" }
dependencies = [
    { name = "certifi" },
    { name = "h11" },
]
sdist = { url = "https://files.pythonhosted.org/packages/06/94/82699a10bca87a5556c9c59b5963f2d039dbd239f25bc2a63907a05a14cb/httpcore-1.0.9.tar.gz", hash = "sha256:6e34463af53fd2ab5d807f399a9b45ea31c3dfa2276f15a2c3f00afff6e176e8", size = 85484 }
wheels = [
    { url = "https://files.pythonhosted.org/packages/7e/f5/f66802a942d491edb555dd61e3a9961140fd64c90bce1eafd741609d334d/httpcore-1.0.9-py3-none-any.whl", hash = "sha256:2d400746a40668fc9dec9810239072b40b4484b640a8c38fd654a024c7a1bf55", size = 78784 },
]

[[package]]
name = "httpx"
version = "0.28.1"
source = { registry = "https://pypi.org/simple" }
dependencies = [
    { name = "anyio" },
    { name = "certifi" },
    { name = "httpcore" },
    { name = "idna" },
]
sdist = { url = "https://files.pythonhosted.org/packages/b1/df/48c586a5fe32a0f01324ee087459e112ebb7224f646c0b5023f5e79e9956/httpx-0.28.1.tar.gz", hash = "sha256:75e98c5f16b0f35b567856f597f06ff2270a374470a5c2392242528e3e3e42fc", size = 141406 }
wheels = [
    { url = "https://files.pythonhosted.org/packages/2a/39/e50c7c3a983047577ee07d2a9e53faf5a69493943ec3f6a384bdc792deb2/httpx-0.28.1-py3-none-any.whl", hash = "sha256:d909fcccc110f8c7faf814ca82a9a4d816bc5a6dbfea25d6591d6985b8ba59ad", size = 73517 },
]

[[package]]
name = "idna"
version = "3.10"
source = { registry = "https://pypi.org/simple" }
sdist = { url = "https://files.pythonhosted.org/packages/f1/70/7703c29685631f5a7590aa73f1f1d3fa9a380e654b86af429e0934a32f7d/idna-3.10.tar.gz", hash = "sha256:12f65c9b470abda6dc35cf8e63cc574b1c52b11df2c86030af0ac09b01b13ea9", size = 190490 }
wheels = [
    { url = "https://files.pythonhosted.org/packages/76/c6/c88e154df9c4e1a2a66ccf0005a88dfb2650c1dffb6f5ce603dfbd452ce3/idna-3.10-py3-none-any.whl", hash = "sha256:946d195a0d259cbba61165e88e65941f16e9b36ea6ddb97f00452bae8b1287d3", size = 70442 },
]

[[package]]
name = "litestar"
version = "2.17.0"
source = { registry = "https://pypi.org/simple" }
dependencies = [
    { name = "anyio" },
    { name = "click" },
    { name = "httpx" },
    { name = "litestar-htmx" },
    { name = "msgspec" },
    { name = "multidict" },
    { name = "multipart" },
    { name = "polyfactory" },
    { name = "pyyaml" },
    { name = "rich" },
    { name = "rich-click" },
    { name = "typing-extensions" },
]
sdist = { url = "https://files.pythonhosted.org/packages/3f/62/36619846adb94d24d31e1aad7a52632544f2db7b0df22c8839cfa1db0b2e/litestar-2.17.0.tar.gz", hash = "sha256:0f50c3b7063417c338b32902f9eb40b81a7b14c9802edbff921a24aec3b0ea5b", size = 372203 }
wheels = [
    { url = "https://files.pythonhosted.org/packages/52/04/0935667c3cee2a26152102b9319fdfe987b0f765e14e0311c17ca6698820/litestar-2.17.0-py3-none-any.whl", hash = "sha256:2e62f01f852195362d69e3305cccddaf6371f5ab0ced30a081a66fb85e1df532", size = 564343 },
]

[[package]]
name = "litestar-htmx"
version = "0.5.0"
source = { registry = "https://pypi.org/simple" }
sdist = { url = "https://files.pythonhosted.org/packages/3f/b9/7e296aa1adada25cce8e5f89a996b0e38d852d93b1b656a2058226c542a2/litestar_htmx-0.5.0.tar.gz", hash = "sha256:e02d1a3a92172c874835fa3e6749d65ae9fc626d0df46719490a16293e2146fb", size = 119755 }
wheels = [
    { url = "https://files.pythonhosted.org/packages/f2/24/8d99982f0aa9c1cd82073c6232b54a0dbe6797c7d63c0583a6c68ee3ddf2/litestar_htmx-0.5.0-py3-none-any.whl", hash = "sha256:92833aa47e0d0e868d2a7dbfab75261f124f4b83d4f9ad12b57b9a68f86c50e6", size = 9970 },
]

[[package]]
name = "markdown-it-py"
version = "4.0.0"
source = { registry = "https://pypi.org/simple" }
dependencies = [
    { name = "mdurl" },
]
sdist = { url = "https://files.pythonhosted.org/packages/5b/f5/4ec618ed16cc4f8fb3b701563655a69816155e79e24a17b651541804721d/markdown_it_py-4.0.0.tar.gz", hash = "sha256:cb0a2b4aa34f932c007117b194e945bd74e0ec24133ceb5bac59009cda1cb9f3", size = 73070 }
wheels = [
    { url = "https://files.pythonhosted.org/packages/94/54/e7d793b573f298e1c9013b8c4dade17d481164aa517d1d7148619c2cedbf/markdown_it_py-4.0.0-py3-none-any.whl", hash = "sha256:87327c59b172c5011896038353a81343b6754500a08cd7a4973bb48c6d578147", size = 87321 },
]

[[package]]
name = "mdurl"
version = "0.1.2"
source = { registry = "https://pypi.org/simple" }
sdist = { url = "https://files.pythonhosted.org/packages/d6/54/cfe61301667036ec958cb99bd3efefba235e65cdeb9c84d24a8293ba1d90/mdurl-0.1.2.tar.gz", hash = "sha256:bb413d29f5eea38f31dd4754dd7377d4465116fb207585f97bf925588687c1ba", size = 8729 }
wheels = [
    { url = "https://files.pythonhosted.org/packages/b3/38/89ba8ad64ae25be8de66a6d463314cf1eb366222074cfda9ee839c56a4b4/mdurl-0.1.2-py3-none-any.whl", hash = "sha256:84008a41e51615a49fc9966191ff91509e3c40b939176e643fd50a5c2196b8f8", size = 9979 },
]

[[package]]
name = "msgspec"
version = "0.19.0"
source = { registry = "https://pypi.org/simple" }
sdist = { url = "https://files.pythonhosted.org/packages/cf/9b/95d8ce458462b8b71b8a70fa94563b2498b89933689f3a7b8911edfae3d7/msgspec-0.19.0.tar.gz", hash = "sha256:604037e7cd475345848116e89c553aa9a233259733ab51986ac924ab1b976f8e", size = 216934 }
wheels = [
    { url = "https://files.pythonhosted.org/packages/3c/cb/2842c312bbe618d8fefc8b9cedce37f773cdc8fa453306546dba2c21fd98/msgspec-0.19.0-cp313-cp313-macosx_10_13_x86_64.whl", hash = "sha256:f12d30dd6266557aaaf0aa0f9580a9a8fbeadfa83699c487713e355ec5f0bd86", size = 190498 },
    { url = "https://files.pythonhosted.org/packages/58/95/c40b01b93465e1a5f3b6c7d91b10fb574818163740cc3acbe722d1e0e7e4/msgspec-0.19.0-cp313-cp313-macosx_11_0_arm64.whl", hash = "sha256:82b2c42c1b9ebc89e822e7e13bbe9d17ede0c23c187469fdd9505afd5a481314", size = 183950 },
    { url = "https://files.pythonhosted.org/packages/e8/f0/5b764e066ce9aba4b70d1db8b087ea66098c7c27d59b9dd8a3532774d48f/msgspec-0.19.0-cp313-cp313-manylinux_2_17_aarch64.manylinux2014_aarch64.whl", hash = "sha256:19746b50be214a54239aab822964f2ac81e38b0055cca94808359d779338c10e", size = 210647 },
    { url = "https://files.pythonhosted.org/packages/9d/87/bc14f49bc95c4cb0dd0a8c56028a67c014ee7e6818ccdce74a4862af259b/msgspec-0.19.0-cp313-cp313-manylinux_2_17_x86_64.manylinux2014_x86_64.whl", hash = "sha256:60ef4bdb0ec8e4ad62e5a1f95230c08efb1f64f32e6e8dd2ced685bcc73858b5", size = 213563 },
    { url = "https://files.pythonhosted.org/packages/53/2f/2b1c2b056894fbaa975f68f81e3014bb447516a8b010f1bed3fb0e016ed7/msgspec-0.19.0-cp313-cp313-musllinux_1_2_aarch64.whl", hash = "sha256:ac7f7c377c122b649f7545810c6cd1b47586e3aa3059126ce3516ac7ccc6a6a9", size = 213996 },
    { url = "https://files.pythonhosted.org/packages/aa/5a/4cd408d90d1417e8d2ce6a22b98a6853c1b4d7cb7669153e4424d60087f6/msgspec-0.19.0-cp313-cp313-musllinux_1_2_x86_64.whl", hash = "sha256:a5bc1472223a643f5ffb5bf46ccdede7f9795078194f14edd69e3aab7020d327", size = 219087 },
    { url = "https://files.pythonhosted.org/packages/23/d8/f15b40611c2d5753d1abb0ca0da0c75348daf1252220e5dda2867bd81062/msgspec-0.19.0-cp313-cp313-win_amd64.whl", hash = "sha256:317050bc0f7739cb30d257ff09152ca309bf5a369854bbf1e57dffc310c1f20f", size = 187432 },
]

[[package]]
name = "multidict"
version = "6.6.4"
source = { registry = "https://pypi.org/simple" }
sdist = { url = "https://files.pythonhosted.org/packages/69/7f/0652e6ed47ab288e3756ea9c0df8b14950781184d4bd7883f4d87dd41245/multidict-6.6.4.tar.gz", hash = "sha256:d2d4e4787672911b48350df02ed3fa3fffdc2f2e8ca06dd6afdf34189b76a9dd", size = 101843 }
wheels = [
    { url = "https://files.pythonhosted.org/packages/3a/5d/e1db626f64f60008320aab00fbe4f23fc3300d75892a3381275b3d284580/multidict-6.6.4-cp313-cp313-macosx_10_13_universal2.whl", hash = "sha256:f46a6e8597f9bd71b31cc708195d42b634c8527fecbcf93febf1052cacc1f16e", size = 75848 },
    { url = "https://files.pythonhosted.org/packages/4c/aa/8b6f548d839b6c13887253af4e29c939af22a18591bfb5d0ee6f1931dae8/multidict-6.6.4-cp313-cp313-macosx_10_13_x86_64.whl", hash = "sha256:22e38b2bc176c5eb9c0a0e379f9d188ae4cd8b28c0f53b52bce7ab0a9e534657", size = 45060 },
    { url = "https://files.pythonhosted.org/packages/eb/c6/f5e97e5d99a729bc2aa58eb3ebfa9f1e56a9b517cc38c60537c81834a73f/multidict-6.6.4-cp313-cp313-macosx_11_0_arm64.whl", hash = "sha256:5df8afd26f162da59e218ac0eefaa01b01b2e6cd606cffa46608f699539246da", size = 43269 },
    { url = "https://files.pythonhosted.org/packages/dc/31/d54eb0c62516776f36fe67f84a732f97e0b0e12f98d5685bebcc6d396910/multidict-6.6.4-cp313-cp313-manylinux1_i686.manylinux2014_i686.manylinux_2_17_i686.manylinux_2_5_i686.whl", hash = "sha256:49517449b58d043023720aa58e62b2f74ce9b28f740a0b5d33971149553d72aa", size = 237158 },
    { url = "https://files.pythonhosted.org/packages/c4/1c/8a10c1c25b23156e63b12165a929d8eb49a6ed769fdbefb06e6f07c1e50d/multidict-6.6.4-cp313-cp313-manylinux2014_aarch64.manylinux_2_17_aarch64.manylinux_2_28_aarch64.whl", hash = "sha256:ae9408439537c5afdca05edd128a63f56a62680f4b3c234301055d7a2000220f", size = 257076 },
    { url = "https://files.pythonhosted.org/packages/ad/86/90e20b5771d6805a119e483fd3d1e8393e745a11511aebca41f0da38c3e2/multidict-6.6.4-cp313-cp313-manylinux2014_armv7l.manylinux_2_17_armv7l.manylinux_2_31_armv7l.whl", hash = "sha256:87a32d20759dc52a9e850fe1061b6e41ab28e2998d44168a8a341b99ded1dba0", size = 240694 },
    { url = "https://files.pythonhosted.org/packages/e7/49/484d3e6b535bc0555b52a0a26ba86e4d8d03fd5587d4936dc59ba7583221/multidict-6.6.4-cp313-cp313-manylinux2014_ppc64le.manylinux_2_17_ppc64le.manylinux_2_28_ppc64le.whl", hash = "sha256:52e3c8d43cdfff587ceedce9deb25e6ae77daba560b626e97a56ddcad3756879", size = 266350 },
    { url = "https://files.pythonhosted.org/packages/bf/b4/aa4c5c379b11895083d50021e229e90c408d7d875471cb3abf721e4670d6/multidict-6.6.4-cp313-cp313-manylinux2014_s390x.manylinux_2_17_s390x.manylinux_2_28_s390x.whl", hash = "sha256:ad8850921d3a8d8ff6fbef790e773cecfc260bbfa0566998980d3fa8f520bc4a", size = 267250 },
    { url = "https://files.pythonhosted.org/packages/80/e5/5e22c5bf96a64bdd43518b1834c6d95a4922cc2066b7d8e467dae9b6cee6/multidict-6.6.4-cp313-cp313-manylinux2014_x86_64.manylinux_2_17_x86_64.manylinux_2_28_x86_64.whl", hash = "sha256:497a2954adc25c08daff36f795077f63ad33e13f19bfff7736e72c785391534f", size = 254900 },
    { url = "https://files.pythonhosted.org/packages/17/38/58b27fed927c07035abc02befacab42491e7388ca105e087e6e0215ead64/multidict-6.6.4-cp313-cp313-musllinux_1_2_aarch64.whl", hash = "sha256:024ce601f92d780ca1617ad4be5ac15b501cc2414970ffa2bb2bbc2bd5a68fa5", size = 252355 },
    { url = "https://files.pythonhosted.org/packages/d0/a1/dad75d23a90c29c02b5d6f3d7c10ab36c3197613be5d07ec49c7791e186c/multidict-6.6.4-cp313-cp313-musllinux_1_2_armv7l.whl", hash = "sha256:a693fc5ed9bdd1c9e898013e0da4dcc640de7963a371c0bd458e50e046bf6438", size = 250061 },
    { url = "https://files.pythonhosted.org/packages/b8/1a/ac2216b61c7f116edab6dc3378cca6c70dc019c9a457ff0d754067c58b20/multidict-6.6.4-cp313-cp313-musllinux_1_2_i686.whl", hash = "sha256:190766dac95aab54cae5b152a56520fd99298f32a1266d66d27fdd1b5ac00f4e", size = 249675 },
    { url = "https://files.pythonhosted.org/packages/d4/79/1916af833b800d13883e452e8e0977c065c4ee3ab7a26941fbfdebc11895/multidict-6.6.4-cp313-cp313-musllinux_1_2_ppc64le.whl", hash = "sha256:34d8f2a5ffdceab9dcd97c7a016deb2308531d5f0fced2bb0c9e1df45b3363d7", size = 261247 },
    { url = "https://files.pythonhosted.org/packages/c5/65/d1f84fe08ac44a5fc7391cbc20a7cedc433ea616b266284413fd86062f8c/multidict-6.6.4-cp313-cp313-musllinux_1_2_s390x.whl", hash = "sha256:59e8d40ab1f5a8597abcef00d04845155a5693b5da00d2c93dbe88f2050f2812", size = 257960 },
    { url = "https://files.pythonhosted.org/packages/13/b5/29ec78057d377b195ac2c5248c773703a6b602e132a763e20ec0457e7440/multidict-6.6.4-cp313-cp313-musllinux_1_2_x86_64.whl", hash = "sha256:467fe64138cfac771f0e949b938c2e1ada2b5af22f39692aa9258715e9ea613a", size = 250078 },
    { url = "https://files.pythonhosted.org/packages/c4/0e/7e79d38f70a872cae32e29b0d77024bef7834b0afb406ddae6558d9e2414/multidict-6.6.4-cp313-cp313-win32.whl", hash = "sha256:14616a30fe6d0a48d0a48d1a633ab3b8bec4cf293aac65f32ed116f620adfd69", size = 41708 },
    { url = "https://files.pythonhosted.org/packages/9d/34/746696dffff742e97cd6a23da953e55d0ea51fa601fa2ff387b3edcfaa2c/multidict-6.6.4-cp313-cp313-win_amd64.whl", hash = "sha256:40cd05eaeb39e2bc8939451f033e57feaa2ac99e07dbca8afe2be450a4a3b6cf", size = 45912 },
    { url = "https://files.pythonhosted.org/packages/c7/87/3bac136181e271e29170d8d71929cdeddeb77f3e8b6a0c08da3a8e9da114/multidict-6.6.4-cp313-cp313-win_arm64.whl", hash = "sha256:f6eb37d511bfae9e13e82cb4d1af36b91150466f24d9b2b8a9785816deb16605", size = 43076 },
    { url = "https://files.pythonhosted.org/packages/64/94/0a8e63e36c049b571c9ae41ee301ada29c3fee9643d9c2548d7d558a1d99/multidict-6.6.4-cp313-cp313t-macosx_10_13_universal2.whl", hash = "sha256:6c84378acd4f37d1b507dfa0d459b449e2321b3ba5f2338f9b085cf7a7ba95eb", size = 82812 },
    { url = "https://files.pythonhosted.org/packages/25/1a/be8e369dfcd260d2070a67e65dd3990dd635cbd735b98da31e00ea84cd4e/multidict-6.6.4-cp313-cp313t-macosx_10_13_x86_64.whl", hash = "sha256:0e0558693063c75f3d952abf645c78f3c5dfdd825a41d8c4d8156fc0b0da6e7e", size = 48313 },
    { url = "https://files.pythonhosted.org/packages/26/5a/dd4ade298674b2f9a7b06a32c94ffbc0497354df8285f27317c66433ce3b/multidict-6.6.4-cp313-cp313t-macosx_11_0_arm64.whl", hash = "sha256:3f8e2384cb83ebd23fd07e9eada8ba64afc4c759cd94817433ab8c81ee4b403f", size = 46777 },
    { url = "https://files.pythonhosted.org/packages/89/db/98aa28bc7e071bfba611ac2ae803c24e96dd3a452b4118c587d3d872c64c/multidict-6.6.4-cp313-cp313t-manylinux1_i686.manylinux2014_i686.manylinux_2_17_i686.manylinux_2_5_i686.whl", hash = "sha256:f996b87b420995a9174b2a7c1a8daf7db4750be6848b03eb5e639674f7963773", size = 229321 },
    { url = "https://files.pythonhosted.org/packages/c7/bc/01ddda2a73dd9d167bd85d0e8ef4293836a8f82b786c63fb1a429bc3e678/multidict-6.6.4-cp313-cp313t-manylinux2014_aarch64.manylinux_2_17_aarch64.manylinux_2_28_aarch64.whl", hash = "sha256:cc356250cffd6e78416cf5b40dc6a74f1edf3be8e834cf8862d9ed5265cf9b0e", size = 249954 },
    { url = "https://files.pythonhosted.org/packages/06/78/6b7c0f020f9aa0acf66d0ab4eb9f08375bac9a50ff5e3edb1c4ccd59eafc/multidict-6.6.4-cp313-cp313t-manylinux2014_armv7l.manylinux_2_17_armv7l.manylinux_2_31_armv7l.whl", hash = "sha256:dadf95aa862714ea468a49ad1e09fe00fcc9ec67d122f6596a8d40caf6cec7d0", size = 228612 },
    { url = "https://files.pythonhosted.org/packages/00/44/3faa416f89b2d5d76e9d447296a81521e1c832ad6e40b92f990697b43192/multidict-6.6.4-cp313-cp313t-manylinux2014_ppc64le.manylinux_2_17_ppc64le.manylinux_2_28_ppc64le.whl", hash = "sha256:7dd57515bebffd8ebd714d101d4c434063322e4fe24042e90ced41f18b6d3395", size = 257528 },
    { url = "https://files.pythonhosted.org/packages/05/5f/77c03b89af0fcb16f018f668207768191fb9dcfb5e3361a5e706a11db2c9/multidict-6.6.4-cp313-cp313t-manylinux2014_s390x.manylinux_2_17_s390x.manylinux_2_28_s390x.whl", hash = "sha256:967af5f238ebc2eb1da4e77af5492219fbd9b4b812347da39a7b5f5c72c0fa45", size = 256329 },
    { url = "https://files.pythonhosted.org/packages/cf/e9/ed750a2a9afb4f8dc6f13dc5b67b514832101b95714f1211cd42e0aafc26/multidict-6.6.4-cp313-cp313t-manylinux2014_x86_64.manylinux_2_17_x86_64.manylinux_2_28_x86_64.whl", hash = "sha256:2a4c6875c37aae9794308ec43e3530e4aa0d36579ce38d89979bbf89582002bb", size = 247928 },
    { url = "https://files.pythonhosted.org/packages/1f/b5/e0571bc13cda277db7e6e8a532791d4403dacc9850006cb66d2556e649c0/multidict-6.6.4-cp313-cp313t-musllinux_1_2_aarch64.whl", hash = "sha256:7f683a551e92bdb7fac545b9c6f9fa2aebdeefa61d607510b3533286fcab67f5", size = 245228 },
    { url = "https://files.pythonhosted.org/packages/f3/a3/69a84b0eccb9824491f06368f5b86e72e4af54c3067c37c39099b6687109/multidict-6.6.4-cp313-cp313t-musllinux_1_2_armv7l.whl", hash = "sha256:3ba5aaf600edaf2a868a391779f7a85d93bed147854925f34edd24cc70a3e141", size = 235869 },
    { url = "https://files.pythonhosted.org/packages/a9/9d/28802e8f9121a6a0804fa009debf4e753d0a59969ea9f70be5f5fdfcb18f/multidict-6.6.4-cp313-cp313t-musllinux_1_2_i686.whl", hash = "sha256:580b643b7fd2c295d83cad90d78419081f53fd532d1f1eb67ceb7060f61cff0d", size = 243446 },
    { url = "https://files.pythonhosted.org/packages/38/ea/6c98add069b4878c1d66428a5f5149ddb6d32b1f9836a826ac764b9940be/multidict-6.6.4-cp313-cp313t-musllinux_1_2_ppc64le.whl", hash = "sha256:37b7187197da6af3ee0b044dbc9625afd0c885f2800815b228a0e70f9a7f473d", size = 252299 },
    { url = "https://files.pythonhosted.org/packages/3a/09/8fe02d204473e14c0af3affd50af9078839dfca1742f025cca765435d6b4/multidict-6.6.4-cp313-cp313t-musllinux_1_2_s390x.whl", hash = "sha256:e1b93790ed0bc26feb72e2f08299691ceb6da5e9e14a0d13cc74f1869af327a0", size = 246926 },
    { url = "https://files.pythonhosted.org/packages/37/3d/7b1e10d774a6df5175ecd3c92bff069e77bed9ec2a927fdd4ff5fe182f67/multidict-6.6.4-cp313-cp313t-musllinux_1_2_x86_64.whl", hash = "sha256:a506a77ddee1efcca81ecbeae27ade3e09cdf21a8ae854d766c2bb4f14053f92", size = 243383 },
    { url = "https://files.pythonhosted.org/packages/50/b0/a6fae46071b645ae98786ab738447de1ef53742eaad949f27e960864bb49/multidict-6.6.4-cp313-cp313t-win32.whl", hash = "sha256:f93b2b2279883d1d0a9e1bd01f312d6fc315c5e4c1f09e112e4736e2f650bc4e", size = 47775 },
    { url = "https://files.pythonhosted.org/packages/b2/0a/2436550b1520091af0600dff547913cb2d66fbac27a8c33bc1b1bccd8d98/multidict-6.6.4-cp313-cp313t-win_amd64.whl", hash = "sha256:6d46a180acdf6e87cc41dc15d8f5c2986e1e8739dc25dbb7dac826731ef381a4", size = 53100 },
    { url = "https://files.pythonhosted.org/packages/97/ea/43ac51faff934086db9c072a94d327d71b7d8b40cd5dcb47311330929ef0/multidict-6.6.4-cp313-cp313t-win_arm64.whl", hash = "sha256:756989334015e3335d087a27331659820d53ba432befdef6a718398b0a8493ad", size = 45501 },
    { url = "https://files.pythonhosted.org/packages/fd/69/b547032297c7e63ba2af494edba695d781af8a0c6e89e4d06cf848b21d80/multidict-6.6.4-py3-none-any.whl", hash = "sha256:27d8f8e125c07cb954e54d75d04905a9bba8a439c1d84aca94949d4d03d8601c", size = 12313 },
]

[[package]]
name = "multipart"
version = "1.3.0"
source = { registry = "https://pypi.org/simple" }
sdist = { url = "https://files.pythonhosted.org/packages/6d/c9/c6f5ab81bae667d4fe42a58df29f4c2db6ad8377cfd0e9baa729e4fa3ebb/multipart-1.3.0.tar.gz", hash = "sha256:a46bd6b0eb4c1ba865beb88ddd886012a3da709b6e7b86084fc37e99087e5cf1", size = 38816 }
wheels = [
    { url = "https://files.pythonhosted.org/packages/9a/d6/d547a7004b81fa0b2aafa143b09196f6635e4105cd9d2c641fa8a4051c05/multipart-1.3.0-py3-none-any.whl", hash = "sha256:439bf4b00fd7cb2dbff08ae13f49f4f49798931ecd8d496372c63537fa19f304", size = 14938 },
]

[[package]]
name = "polyfactory"
version = "2.22.2"
source = { registry = "https://pypi.org/simple" }
dependencies = [
    { name = "faker" },
    { name = "typing-extensions" },
]
sdist = { url = "https://files.pythonhosted.org/packages/4e/a6/950d13856d995705df33b92451559fd317207a9c43629ab1771135a0c966/polyfactory-2.22.2.tar.gz", hash = "sha256:a3297aa0b004f2b26341e903795565ae88507c4d86e68b132c2622969028587a", size = 254462 }
wheels = [
    { url = "https://files.pythonhosted.org/packages/e7/fe/d52c90e07c458f38b26f9972a25cb011b2744813f76fcd6121dde64744fa/polyfactory-2.22.2-py3-none-any.whl", hash = "sha256:9bea58ac9a80375b4153cd60820f75e558b863e567e058794d28c6a52b84118a", size = 63715 },
]

[[package]]
name = "pygments"
version = "2.19.2"
source = { registry = "https://pypi.org/simple" }
sdist = { url = "https://files.pythonhosted.org/packages/b0/77/a5b8c569bf593b0140bde72ea885a803b82086995367bf2037de0159d924/pygments-2.19.2.tar.gz", hash = "sha256:636cb2477cec7f8952536970bc533bc43743542f70392ae026374600add5b887", size = 4968631 }
wheels = [
    { url = "https://files.pythonhosted.org/packages/c7/21/705964c7812476f378728bdf590ca4b771ec72385c533964653c68e86bdc/pygments-2.19.2-py3-none-any.whl", hash = "sha256:86540386c03d588bb81d44bc3928634ff26449851e99741617ecb9037ee5ec0b", size = 1225217 },
]

[[package]]
name = "pyyaml"
version = "6.0.2"
source = { registry = "https://pypi.org/simple" }
sdist = { url = "https://files.pythonhosted.org/packages/54/ed/79a089b6be93607fa5cdaedf301d7dfb23af5f25c398d5ead2525b063e17/pyyaml-6.0.2.tar.gz", hash = "sha256:d584d9ec91ad65861cc08d42e834324ef890a082e591037abe114850ff7bbc3e", size = 130631 }
wheels = [
    { url = "https://files.pythonhosted.org/packages/ef/e3/3af305b830494fa85d95f6d95ef7fa73f2ee1cc8ef5b495c7c3269fb835f/PyYAML-6.0.2-cp313-cp313-macosx_10_13_x86_64.whl", hash = "sha256:efdca5630322a10774e8e98e1af481aad470dd62c3170801852d752aa7a783ba", size = 181309 },
    { url = "https://files.pythonhosted.org/packages/45/9f/3b1c20a0b7a3200524eb0076cc027a970d320bd3a6592873c85c92a08731/PyYAML-6.0.2-cp313-cp313-macosx_11_0_arm64.whl", hash = "sha256:50187695423ffe49e2deacb8cd10510bc361faac997de9efef88badc3bb9e2d1", size = 171679 },
    { url = "https://files.pythonhosted.org/packages/7c/9a/337322f27005c33bcb656c655fa78325b730324c78620e8328ae28b64d0c/PyYAML-6.0.2-cp313-cp313-manylinux_2_17_aarch64.manylinux2014_aarch64.whl", hash = "sha256:0ffe8360bab4910ef1b9e87fb812d8bc0a308b0d0eef8c8f44e0254ab3b07133", size = 733428 },
    { url = "https://files.pythonhosted.org/packages/a3/69/864fbe19e6c18ea3cc196cbe5d392175b4cf3d5d0ac1403ec3f2d237ebb5/PyYAML-6.0.2-cp313-cp313-manylinux_2_17_s390x.manylinux2014_s390x.whl", hash = "sha256:17e311b6c678207928d649faa7cb0d7b4c26a0ba73d41e99c4fff6b6c3276484", size = 763361 },
    { url = "https://files.pythonhosted.org/packages/04/24/b7721e4845c2f162d26f50521b825fb061bc0a5afcf9a386840f23ea19fa/PyYAML-6.0.2-cp313-cp313-manylinux_2_17_x86_64.manylinux2014_x86_64.whl", hash = "sha256:70b189594dbe54f75ab3a1acec5f1e3faa7e8cf2f1e08d9b561cb41b845f69d5", size = 759523 },
    { url = "https://files.pythonhosted.org/packages/2b/b2/e3234f59ba06559c6ff63c4e10baea10e5e7df868092bf9ab40e5b9c56b6/PyYAML-6.0.2-cp313-cp313-musllinux_1_1_aarch64.whl", hash = "sha256:41e4e3953a79407c794916fa277a82531dd93aad34e29c2a514c2c0c5fe971cc", size = 726660 },
    { url = "https://files.pythonhosted.org/packages/fe/0f/25911a9f080464c59fab9027482f822b86bf0608957a5fcc6eaac85aa515/PyYAML-6.0.2-cp313-cp313-musllinux_1_1_x86_64.whl", hash = "sha256:68ccc6023a3400877818152ad9a1033e3db8625d899c72eacb5a668902e4d652", size = 751597 },
    { url = "https://files.pythonhosted.org/packages/14/0d/e2c3b43bbce3cf6bd97c840b46088a3031085179e596d4929729d8d68270/PyYAML-6.0.2-cp313-cp313-win32.whl", hash = "sha256:bc2fa7c6b47d6bc618dd7fb02ef6fdedb1090ec036abab80d4681424b84c1183", size = 140527 },
    { url = "https://files.pythonhosted.org/packages/fa/de/02b54f42487e3d3c6efb3f89428677074ca7bf43aae402517bc7cca949f3/PyYAML-6.0.2-cp313-cp313-win_amd64.whl", hash = "sha256:8388ee1976c416731879ac16da0aff3f63b286ffdd57cdeb95f3f2e085687563", size = 156446 },
]

[[package]]
name = "rich"
version = "14.1.0"
source = { registry = "https://pypi.org/simple" }
dependencies = [
    { name = "markdown-it-py" },
    { name = "pygments" },
]
sdist = { url = "https://files.pythonhosted.org/packages/fe/75/af448d8e52bf1d8fa6a9d089ca6c07ff4453d86c65c145d0a300bb073b9b/rich-14.1.0.tar.gz", hash = "sha256:e497a48b844b0320d45007cdebfeaeed8db2a4f4bcf49f15e455cfc4af11eaa8", size = 224441 }
wheels = [
    { url = "https://files.pythonhosted.org/packages/e3/30/3c4d035596d3cf444529e0b2953ad0466f6049528a879d27534700580395/rich-14.1.0-py3-none-any.whl", hash = "sha256:536f5f1785986d6dbdea3c75205c473f970777b4a0d6c6dd1b696aa05a3fa04f", size = 243368 },
]

[[package]]
name = "rich-click"
version = "1.8.9"
source = { registry = "https://pypi.org/simple" }
dependencies = [
    { name = "click" },
    { name = "rich" },
    { name = "typing-extensions" },
]
sdist = { url = "https://files.pythonhosted.org/packages/b7/a8/dcc0a8ec9e91d76ecad9413a84b6d3a3310c6111cfe012d75ed385c78d96/rich_click-1.8.9.tar.gz", hash = "sha256:fd98c0ab9ddc1cf9c0b7463f68daf28b4d0033a74214ceb02f761b3ff2af3136", size = 39378 }
wheels = [
    { url = "https://files.pythonhosted.org/packages/b6/c2/9fce4c8a9587c4e90500114d742fe8ef0fd92d7bad29d136bb9941add271/rich_click-1.8.9-py3-none-any.whl", hash = "sha256:c3fa81ed8a671a10de65a9e20abf642cfdac6fdb882db1ef465ee33919fbcfe2", size = 36082 },
]

[[package]]
name = "sniffio"
version = "1.3.1"
source = { registry = "https://pypi.org/simple" }
sdist = { url = "https://files.pythonhosted.org/packages/a2/87/a6771e1546d97e7e041b6ae58d80074f81b7d5121207425c964ddf5cfdbd/sniffio-1.3.1.tar.gz", hash = "sha256:f4324edc670a0f49750a81b895f35c3adb843cca46f0530f79fc1babb23789dc", size = 20372 }
wheels = [
    { url = "https://files.pythonhosted.org/packages/e9/44/75a9c9421471a6c4805dbf2356f7c181a29c1879239abab1ea2cc8f38b40/sniffio-1.3.1-py3-none-any.whl", hash = "sha256:2f6da418d1f1e0fddd844478f41680e794e6051915791a034ff65e5f100525a2", size = 10235 },
]

[[package]]
name = "typing-extensions"
version = "4.14.1"
source = { registry = "https://pypi.org/simple" }
sdist = { url = "https://files.pythonhosted.org/packages/98/5a/da40306b885cc8c09109dc2e1abd358d5684b1425678151cdaed4731c822/typing_extensions-4.14.1.tar.gz", hash = "sha256:38b39f4aeeab64884ce9f74c94263ef78f3c22467c8724005483154c26648d36", size = 107673 }
wheels = [
    { url = "https://files.pythonhosted.org/packages/b5/00/d631e67a838026495268c2f6884f3711a15a9a2a96cd244fdaea53b823fb/typing_extensions-4.14.1-py3-none-any.whl", hash = "sha256:d1e1e3b58374dc93031d6eda2420a48ea44a36c2b4766a4fdeb3710755731d76", size = 43906 },
]

[[package]]
name = "tzdata"
version = "2025.2"
source = { registry = "https://pypi.org/simple" }
sdist = { url = "https://files.pythonhosted.org/packages/95/32/1a225d6164441be760d75c2c42e2780dc0873fe382da3e98a2e1e48361e5/tzdata-2025.2.tar.gz", hash = "sha256:b60a638fcc0daffadf82fe0f57e53d06bdec2f36c4df66280ae79bce6bd6f2b9", size = 196380 }
wheels = [
    { url = "https://files.pythonhosted.org/packages/5c/23/c7abc0ca0a1526a0774eca151daeb8de62ec457e77262b66b359c3c7679e/tzdata-2025.2-py2.py3-none-any.whl", hash = "sha256:1a403fada01ff9221ca8044d701868fa132215d84beb92242d9acd2147f667a8", size = 347839 },
]

[[package]]
name = "uvicorn"
version = "0.35.0"
source = { registry = "https://pypi.org/simple" }
dependencies = [
    { name = "click" },
    { name = "h11" },
]
sdist = { url = "https://files.pythonhosted.org/packages/5e/42/e0e305207bb88c6b8d3061399c6a961ffe5fbb7e2aa63c9234df7259e9cd/uvicorn-0.35.0.tar.gz", hash = "sha256:bc662f087f7cf2ce11a1d7fd70b90c9f98ef2e2831556dd078d131b96cc94a01", size = 78473 }
wheels = [
    { url = "https://files.pythonhosted.org/packages/d2/e2/dc81b1bd1dcfe91735810265e9d26bc8ec5da45b4c0f6237e286819194c3/uvicorn-0.35.0-py3-none-any.whl", hash = "sha256:197535216b25ff9b785e29a0b79199f55222193d47f820816e7da751e9bc8d4a", size = 66406 },
]
